
Microsoft Visual Studio Solution File, Format Version 12.00
# Visual Studio 14
VisualStudioVersion = 14.0.25420.1
MinimumVisualStudioVersion = 10.0.40219.1
Project("{FAE04EC0-301F-11D3-BF4B-00C04F79EFBC}") = "TestWebApi", "TestWebApi\TestWebApi.csproj", "{DCB006FE-7F0D-413C-8776-F73AA54A445D}"
EndProject
Project("{FAE04EC0-301F-11D3-BF4B-00C04F79EFBC}") = "testService", "testService\testService.csproj", "{589E42A2-25BB-4AD0-B542-F2BA789B5CC1}"
EndProject
Global
	GlobalSection(SolutionConfigurationPlatforms) = preSolution
		Debug|Any CPU = Debug|Any CPU
		Release|Any CPU = Release|Any CPU
	EndGlobalSection
	GlobalSection(ProjectConfigurationPlatforms) = postSolution
		{DCB006FE-7F0D-413C-8776-F73AA54A445D}.Debug|Any CPU.ActiveCfg = Debug|Any CPU
		{DCB006FE-7F0D-413C-8776-F73AA54A445D}.Debug|Any CPU.Build.0 = Debug|Any CPU
		{DCB006FE-7F0D-413C-8776-F73AA54A445D}.Release|Any CPU.ActiveCfg = Release|Any CPU
		{DCB006FE-7F0D-413C-8776-F73AA54A445D}.Release|Any CPU.Build.0 = Release|Any CPU
		{589E42A2-25BB-4AD0-B542-F2BA789B5CC1}.Debug|Any CPU.ActiveCfg = Debug|Any CPU
		{589E42A2-25BB-4AD0-B542-F2BA789B5CC1}.Debug|Any CPU.Build.0 = Debug|Any CPU
		{589E42A2-25BB-4AD0-B542-F2BA789B5CC1}.Release|Any CPU.ActiveCfg = Release|Any CPU
		{589E42A2-25BB-4AD0-B542-F2BA789B5CC1}.Release|Any CPU.Build.0 = Release|Any CPU
	EndGlobalSection
	GlobalSection(SolutionProperties) = preSolution
		HideSolutionNode = FALSE
	EndGlobalSection
EndGlobal
